
Microsoft Visual Studio Solution File, Format Version 12.00
# Visual Studio Version 17
VisualStudioVersion = 17.13.35825.156 d17.13
MinimumVisualStudioVersion = 10.0.40219.1
Project("{FAE04EC0-301F-11D3-BF4B-00C04F79EFBC}") = "Lab0 .NET", "Lab0 .NET\Lab0 .NET.csproj", "{89D09901-7878-4A84-AB23-0DDF00690AD2}"
EndProject
Global
	GlobalSection(SolutionConfigurationPlatforms) = preSolution
		Debug|Any CPU = Debug|Any CPU
		Release|Any CPU = Release|Any CPU
	EndGlobalSection
	GlobalSection(ProjectConfigurationPlatforms) = postSolution
		{89D09901-7878-4A84-AB23-0DDF00690AD2}.Debug|Any CPU.ActiveCfg = Debug|Any CPU
		{89D09901-7878-4A84-AB23-0DDF00690AD2}.Debug|Any CPU.Build.0 = Debug|Any CPU
		{89D09901-7878-4A84-AB23-0DDF00690AD2}.Release|Any CPU.ActiveCfg = Release|Any CPU
		{89D09901-7878-4A84-AB23-0DDF00690AD2}.Release|Any CPU.Build.0 = Release|Any CPU
	EndGlobalSection
	GlobalSection(SolutionProperties) = preSolution
		HideSolutionNode = FALSE
	EndGlobalSection
	GlobalSection(ExtensibilityGlobals) = postSolution
		SolutionGuid = {C7B35A69-8795-4017-96B7-29093A67FAEA}
	EndGlobalSection
EndGlobal
